{
  "nodes": {
    "fenix": {
      "inputs": {
        "nixpkgs": [
          "nixpkgs"
        ],
        "rust-analyzer-src": "rust-analyzer-src"
      },
      "locked": {
        "lastModified": 1664865507,
        "narHash": "sha256-KUonhQPn7SigY+4mfI/UydMQv4nIhBKIqgeU3JAaowI=",
        "owner": "nix-community",
        "repo": "fenix",
        "rev": "93c65e24793653fdc45339022218a9ceca6219dd",
        "type": "github"
      },
      "original": {
        "owner": "nix-community",
        "repo": "fenix",
        "type": "github"
      }
    },
    "flake-compat": {
      "flake": false,
      "locked": {
        "lastModified": 1650374568,
        "narHash": "sha256-Z+s0J8/r907g149rllvwhb4pKi8Wam5ij0st8PwAh+E=",
        "owner": "edolstra",
        "repo": "flake-compat",
        "rev": "b4a34015c698c7793d592d66adbab377907a2be8",
        "type": "github"
      },
      "original": {
        "owner": "edolstra",
        "repo": "flake-compat",
        "type": "github"
      }
    },
    "flake-utils": {
      "locked": {
        "lastModified": 1659877975,
        "narHash": "sha256-zllb8aq3YO3h8B/U0/J1WBgAL8EX5yWf5pMj3G0NAmc=",
        "owner": "numtide",
        "repo": "flake-utils",
        "rev": "c0e246b9b83f637f4681389ecabcb2681b4f3af0",
        "type": "github"
      },
      "original": {
        "owner": "numtide",
        "repo": "flake-utils",
        "type": "github"
      }
    },
    "nixpkgs": {
      "locked": {
        "lastModified": 1664887561,
        "narHash": "sha256-FJR+BhdHl0bAke1Sj87L//odtRP5GUMxmakdPFKH54Y=",
        "owner": "profianinc",
        "repo": "nixpkgs",
        "rev": "b36c086c2c4644e2c84e3b289d5bd07020f5d82b",
        "type": "github"
      },
      "original": {
        "owner": "profianinc",
        "repo": "nixpkgs",
        "type": "github"
      }
    },
    "root": {
      "inputs": {
        "fenix": "fenix",
        "flake-compat": "flake-compat",
        "flake-utils": "flake-utils",
        "nixpkgs": "nixpkgs",
        "rust-overlay": "rust-overlay"
      }
    },
    "rust-analyzer-src": {
      "flake": false,
      "locked": {
        "lastModified": 1664652573,
        "narHash": "sha256-mVf9fjQbtYbrVvQSaJOCwArWIvXHrXqVVUhP0x9ZcVY=",
        "owner": "rust-lang",
        "repo": "rust-analyzer",
        "rev": "5c28ad193238635189f849c94ffc178f00008b12",
        "type": "github"
      },
      "original": {
        "owner": "rust-lang",
        "ref": "nightly",
        "repo": "rust-analyzer",
        "type": "github"
      }
    },
    "rust-overlay": {
      "inputs": {
        "flake-utils": [
          "flake-utils"
        ],
        "nixpkgs": [
          "nixpkgs"
        ]
      },
      "locked": {
        "lastModified": 1664851876,
        "narHash": "sha256-v0DBElK+PmU3ID9/uHwtCNHp6uGuWmxj6/elpq4Cqas=",
        "owner": "oxalica",
        "repo": "rust-overlay",
        "rev": "148815c92641976b798efb2805a50991de4bac7f",
        "type": "github"
      },
      "original": {
        "owner": "oxalica",
        "repo": "rust-overlay",
        "type": "github"
      }
    }
  },
  "root": "root",
  "version": 7
}
