{
  "nodes": {
    "crane": {
      "inputs": {
        "flake-compat": "flake-compat",
        "flake-utils": [
          "enarx",
          "nixify",
          "flake-utils"
        ],
        "nixpkgs": [
          "enarx",
          "nixify",
          "nixpkgs"
        ],
        "rust-overlay": [
          "enarx",
          "nixify",
          "rust-overlay"
        ]
      },
      "locked": {
        "lastModified": 1669943300,
        "narHash": "sha256-1adQsyh7MvtlR19cJvL0VWemVTWwVbWSKrmrfX60ztU=",
        "owner": "ipetkov",
        "repo": "crane",
        "rev": "fb80a689c5c517bc40d9cc1828c384c38de90dda",
        "type": "github"
      },
      "original": {
        "owner": "ipetkov",
        "ref": "v0.10.0",
        "repo": "crane",
        "type": "github"
      }
    },
    "crane_2": {
      "inputs": {
        "flake-compat": "flake-compat_2",
        "flake-utils": [
          "nixify",
          "flake-utils"
        ],
        "nixpkgs": [
          "nixify",
          "nixpkgs"
        ],
        "rust-overlay": [
          "nixify",
          "rust-overlay"
        ]
      },
      "locked": {
        "lastModified": 1669943300,
        "narHash": "sha256-1adQsyh7MvtlR19cJvL0VWemVTWwVbWSKrmrfX60ztU=",
        "owner": "ipetkov",
        "repo": "crane",
        "rev": "fb80a689c5c517bc40d9cc1828c384c38de90dda",
        "type": "github"
      },
      "original": {
        "owner": "ipetkov",
        "ref": "v0.10.0",
        "repo": "crane",
        "type": "github"
      }
    },
    "enarx": {
      "inputs": {
        "nixify": "nixify"
      },
      "locked": {
        "lastModified": 1674135483,
        "narHash": "sha256-jH0rzIWE9OGkwBx33FBlfeM+AHse2sscWQ6i+P0u3/o=",
        "owner": "enarx",
        "repo": "enarx",
        "rev": "580f0ac67e6c927e19e1471d2786dd25dedc8b7e",
        "type": "github"
      },
      "original": {
        "owner": "enarx",
        "ref": "v0.7.1",
        "repo": "enarx",
        "type": "github"
      }
    },
    "flake-compat": {
      "flake": false,
      "locked": {
        "lastModified": 1650374568,
        "narHash": "sha256-Z+s0J8/r907g149rllvwhb4pKi8Wam5ij0st8PwAh+E=",
        "owner": "edolstra",
        "repo": "flake-compat",
        "rev": "b4a34015c698c7793d592d66adbab377907a2be8",
        "type": "github"
      },
      "original": {
        "owner": "edolstra",
        "repo": "flake-compat",
        "type": "github"
      }
    },
    "flake-compat_2": {
      "flake": false,
      "locked": {
        "lastModified": 1650374568,
        "narHash": "sha256-Z+s0J8/r907g149rllvwhb4pKi8Wam5ij0st8PwAh+E=",
        "owner": "edolstra",
        "repo": "flake-compat",
        "rev": "b4a34015c698c7793d592d66adbab377907a2be8",
        "type": "github"
      },
      "original": {
        "owner": "edolstra",
        "repo": "flake-compat",
        "type": "github"
      }
    },
    "flake-utils": {
      "locked": {
        "lastModified": 1667395993,
        "narHash": "sha256-nuEHfE/LcWyuSWnS8t12N1wc105Qtau+/OdUAjtQ0rA=",
        "owner": "numtide",
        "repo": "flake-utils",
        "rev": "5aed5285a952e0b949eb3ba02c12fa4fcfef535f",
        "type": "github"
      },
      "original": {
        "owner": "numtide",
        "repo": "flake-utils",
        "type": "github"
      }
    },
    "flake-utils_2": {
      "locked": {
        "lastModified": 1676283394,
        "narHash": "sha256-XX2f9c3iySLCw54rJ/CZs+ZK6IQy7GXNY4nSOyu2QG4=",
        "owner": "numtide",
        "repo": "flake-utils",
        "rev": "3db36a8b464d0c4532ba1c7dda728f4576d6d073",
        "type": "github"
      },
      "original": {
        "owner": "numtide",
        "repo": "flake-utils",
        "type": "github"
      }
    },
    "nixify": {
      "inputs": {
        "crane": "crane",
        "flake-utils": "flake-utils",
        "nixlib": "nixlib",
        "nixpkgs": "nixpkgs",
        "rust-overlay": "rust-overlay"
      },
      "locked": {
        "lastModified": 1673452419,
        "narHash": "sha256-180Iw0MFaSPKZvq3l8XhNLitME9raiTO5v+DFKmDkY0=",
        "owner": "rvolosatovs",
        "repo": "nixify",
        "rev": "a8fb63b009d644c4469e544b639292ba74a2108c",
        "type": "github"
      },
      "original": {
        "owner": "rvolosatovs",
        "repo": "nixify",
        "type": "github"
      }
    },
    "nixify_2": {
      "inputs": {
        "crane": "crane_2",
        "flake-utils": "flake-utils_2",
        "nixlib": "nixlib_2",
        "nixpkgs": "nixpkgs_2",
        "rust-overlay": "rust-overlay_2"
      },
      "locked": {
        "lastModified": 1676557454,
        "narHash": "sha256-t0VLKJWCxit8oFY8obGIKOSBT744frGkZQ3amuIUq5A=",
        "owner": "rvolosatovs",
        "repo": "nixify",
        "rev": "3632071ae7ec896ef8d78a9ff7cc35eb6a96e861",
        "type": "github"
      },
      "original": {
        "owner": "rvolosatovs",
        "repo": "nixify",
        "type": "github"
      }
    },
    "nixlib": {
      "locked": {
        "lastModified": 1673139014,
        "narHash": "sha256-wWtN1TjfsRbI2AYRP4RPcEKv3HVgy6lCCLg0Lyhlxbc=",
        "owner": "nix-community",
        "repo": "nixpkgs.lib",
        "rev": "080b7eb536d3baf70796dcc20abe4ee90618ca3c",
        "type": "github"
      },
      "original": {
        "owner": "nix-community",
        "repo": "nixpkgs.lib",
        "type": "github"
      }
    },
    "nixlib_2": {
      "locked": {
        "lastModified": 1676163193,
        "narHash": "sha256-6cTwPLtRHsRrIlKnEg3gQ9L+MYdx87eHdRqlTUi4H8Y=",
        "owner": "nix-community",
        "repo": "nixpkgs.lib",
        "rev": "d3e61f845dbbb77f10900603993c6f00bdfa9fd4",
        "type": "github"
      },
      "original": {
        "owner": "nix-community",
        "repo": "nixpkgs.lib",
        "type": "github"
      }
    },
    "nixpkgs": {
      "locked": {
        "lastModified": 1672580127,
        "narHash": "sha256-3lW3xZslREhJogoOkjeZtlBtvFMyxHku7I/9IVehhT8=",
        "owner": "nixos",
        "repo": "nixpkgs",
        "rev": "0874168639713f547c05947c76124f78441ea46c",
        "type": "github"
      },
      "original": {
        "owner": "nixos",
        "ref": "nixpkgs-22.05-darwin",
        "repo": "nixpkgs",
        "type": "github"
      }
    },
    "nixpkgs_2": {
      "locked": {
        "lastModified": 1676253841,
        "narHash": "sha256-jhuI8Mmky8VCD45OoJEuF6HdPLFBwNrHA0ljjZ/zkfw=",
        "owner": "nixos",
        "repo": "nixpkgs",
        "rev": "a45a8916243a7d27acc358f4fc18c4491f3eeca8",
        "type": "github"
      },
      "original": {
        "owner": "nixos",
        "ref": "nixpkgs-22.11-darwin",
        "repo": "nixpkgs",
        "type": "github"
      }
    },
    "root": {
      "inputs": {
        "enarx": "enarx",
        "nixify": "nixify_2"
      }
    },
    "rust-overlay": {
      "inputs": {
        "flake-utils": [
          "enarx",
          "nixify",
          "flake-utils"
        ],
        "nixpkgs": [
          "enarx",
          "nixify",
          "nixpkgs"
        ]
      },
      "locked": {
        "lastModified": 1673317790,
        "narHash": "sha256-GWjj/bqTXPsKgwWGFZUyHRShxFvufShYnuyyeP99wmk=",
        "owner": "oxalica",
        "repo": "rust-overlay",
        "rev": "9724998ea2caf23214674bf0c2cdf6ec0b1719af",
        "type": "github"
      },
      "original": {
        "owner": "oxalica",
        "repo": "rust-overlay",
        "type": "github"
      }
    },
    "rust-overlay_2": {
      "inputs": {
        "flake-utils": [
          "nixify",
          "flake-utils"
        ],
        "nixpkgs": [
          "nixify",
          "nixpkgs"
        ]
      },
      "locked": {
        "lastModified": 1676341851,
        "narHash": "sha256-T8cmSiriXdpZfqlserNyJ1solTCR0DbD8A75epSDOVY=",
        "owner": "oxalica",
        "repo": "rust-overlay",
        "rev": "956ddb5047f98ea08b792b22004b94a9971932c4",
        "type": "github"
      },
      "original": {
        "owner": "oxalica",
        "repo": "rust-overlay",
        "type": "github"
      }
    }
  },
  "root": "root",
  "version": 7
}
